
Microsoft Visual Studio Solution File, Format Version 12.00
# Visual Studio 2013
VisualStudioVersion = 12.0.31101.0
MinimumVisualStudioVersion = 10.0.40219.1
Project("{FAE04EC0-301F-11D3-BF4B-00C04F79EFBC}") = "SmartQueue.Web", "SmartQueue.Web\SmartQueue.Web.csproj", "{0DA76BC6-4E02-4CA4-8EBA-6CB9A2DCD234}"
EndProject
Project("{FAE04EC0-301F-11D3-BF4B-00C04F79EFBC}") = "SmartQueue.Model", "SmartQueue.Model\SmartQueue.Model.csproj", "{AF14CDDA-0687-43EA-B810-4D4C36504C1F}"
EndProject
Project("{FAE04EC0-301F-11D3-BF4B-00C04F79EFBC}") = "SmartQueue.DAL", "SmartQueue.DAL\SmartQueue.DAL.csproj", "{BAF441FE-37FF-441F-A314-3A0612CCDBA3}"
EndProject
Project("{FAE04EC0-301F-11D3-BF4B-00C04F79EFBC}") = "SmartQueue.BLL", "SmartQueue.BLL\SmartQueue.BLL.csproj", "{CE46F356-734E-406D-8D42-43009C14E9BE}"
EndProject
Project("{FAE04EC0-301F-11D3-BF4B-00C04F79EFBC}") = "SmartQueue.Configuration", "SmartQueue.Configuration\SmartQueue.Configuration.csproj", "{88990F18-2253-43A1-9431-95061DA8165D}"
EndProject
Project("{FAE04EC0-301F-11D3-BF4B-00C04F79EFBC}") = "SmartQueue.Authorization", "SmartQueue.Authorization\SmartQueue.Authorization.csproj", "{BCA010E5-B20F-427F-BF53-78CAEFB33BB8}"
EndProject
Global
	GlobalSection(SolutionConfigurationPlatforms) = preSolution
		Debug|Any CPU = Debug|Any CPU
		Release|Any CPU = Release|Any CPU
	EndGlobalSection
	GlobalSection(ProjectConfigurationPlatforms) = postSolution
		{0DA76BC6-4E02-4CA4-8EBA-6CB9A2DCD234}.Debug|Any CPU.ActiveCfg = Debug|Any CPU
		{0DA76BC6-4E02-4CA4-8EBA-6CB9A2DCD234}.Debug|Any CPU.Build.0 = Debug|Any CPU
		{0DA76BC6-4E02-4CA4-8EBA-6CB9A2DCD234}.Release|Any CPU.ActiveCfg = Release|Any CPU
		{0DA76BC6-4E02-4CA4-8EBA-6CB9A2DCD234}.Release|Any CPU.Build.0 = Release|Any CPU
		{AF14CDDA-0687-43EA-B810-4D4C36504C1F}.Debug|Any CPU.ActiveCfg = Debug|Any CPU
		{AF14CDDA-0687-43EA-B810-4D4C36504C1F}.Debug|Any CPU.Build.0 = Debug|Any CPU
		{AF14CDDA-0687-43EA-B810-4D4C36504C1F}.Release|Any CPU.ActiveCfg = Release|Any CPU
		{AF14CDDA-0687-43EA-B810-4D4C36504C1F}.Release|Any CPU.Build.0 = Release|Any CPU
		{BAF441FE-37FF-441F-A314-3A0612CCDBA3}.Debug|Any CPU.ActiveCfg = Debug|Any CPU
		{BAF441FE-37FF-441F-A314-3A0612CCDBA3}.Debug|Any CPU.Build.0 = Debug|Any CPU
		{BAF441FE-37FF-441F-A314-3A0612CCDBA3}.Release|Any CPU.ActiveCfg = Release|Any CPU
		{BAF441FE-37FF-441F-A314-3A0612CCDBA3}.Release|Any CPU.Build.0 = Release|Any CPU
		{CE46F356-734E-406D-8D42-43009C14E9BE}.Debug|Any CPU.ActiveCfg = Debug|Any CPU
		{CE46F356-734E-406D-8D42-43009C14E9BE}.Debug|Any CPU.Build.0 = Debug|Any CPU
		{CE46F356-734E-406D-8D42-43009C14E9BE}.Release|Any CPU.ActiveCfg = Release|Any CPU
		{CE46F356-734E-406D-8D42-43009C14E9BE}.Release|Any CPU.Build.0 = Release|Any CPU
		{88990F18-2253-43A1-9431-95061DA8165D}.Debug|Any CPU.ActiveCfg = Debug|Any CPU
		{88990F18-2253-43A1-9431-95061DA8165D}.Debug|Any CPU.Build.0 = Debug|Any CPU
		{88990F18-2253-43A1-9431-95061DA8165D}.Release|Any CPU.ActiveCfg = Release|Any CPU
		{88990F18-2253-43A1-9431-95061DA8165D}.Release|Any CPU.Build.0 = Release|Any CPU
		{BCA010E5-B20F-427F-BF53-78CAEFB33BB8}.Debug|Any CPU.ActiveCfg = Debug|Any CPU
		{BCA010E5-B20F-427F-BF53-78CAEFB33BB8}.Debug|Any CPU.Build.0 = Debug|Any CPU
		{BCA010E5-B20F-427F-BF53-78CAEFB33BB8}.Release|Any CPU.ActiveCfg = Release|Any CPU
		{BCA010E5-B20F-427F-BF53-78CAEFB33BB8}.Release|Any CPU.Build.0 = Release|Any CPU
	EndGlobalSection
	GlobalSection(SolutionProperties) = preSolution
		HideSolutionNode = FALSE
	EndGlobalSection
EndGlobal
